{
    "name": "template",
    "version": "1.0.0",
    "lockfileVersion": 3,
    "requires": true,
    "packages": {
        "": {
            "name": "template",
            "version": "1.0.0",
            "license": "ISC",
            "dependencies": {
                "tailwindcss-animate": "^1.0.7"
            },
            "devDependencies": {
                "daisyui": "^5.1.10",
                "prettier": "^3.3.3",
                "prettier-plugin-jinja-template": "^1.3.2",
                "prettier-plugin-tailwindcss": "^0.6.11",
                "tailwindcss": "^4.1.3"
            }
        },
        "node_modules/daisyui": {
            "version": "5.1.10",
            "resolved": "https://registry.npmjs.org/daisyui/-/daisyui-5.1.10.tgz",
            "integrity": "sha512-p1J/HME2WmaSiy6u2alIbeP3gd5PNVft3+6Bdll0BRSm/UdI4084+pD01LxFug/5wGexNewWqbcEL6nB2n2o+Q==",
            "dev": true,
            "license": "MIT",
            "funding": {
                "url": "https://github.com/saadeghi/daisyui?sponsor=1"
            }
        },
        "node_modules/prettier": {
            "version": "3.6.2",
            "resolved": "https://registry.npmjs.org/prettier/-/prettier-3.6.2.tgz",
            "integrity": "sha512-I7AIg5boAr5R0FFtJ6rCfD+LFsWHp81dolrFD8S79U9tb8Az2nGrJncnMSnys+bpQJfRUzqs9hnA81OAA3hCuQ==",
            "dev": true,
            "license": "MIT",
            "bin": {
                "prettier": "bin/prettier.cjs"
            },
            "engines": {
                "node": ">=14"
            },
            "funding": {
                "url": "https://github.com/prettier/prettier?sponsor=1"
            }
        },
        "node_modules/prettier-plugin-jinja-template": {
            "version": "1.5.0",
            "resolved": "https://registry.npmjs.org/prettier-plugin-jinja-template/-/prettier-plugin-jinja-template-1.5.0.tgz",
            "integrity": "sha512-gLOnCmM8j/psoO+s1L/M3chKmZEO7zrqhodbD+xRONrmOaYhU7Y9gLxlTVm++MeuRt3hA0jev6TmIlNFcr2hYA==",
            "dev": true,
            "license": "MIT",
            "peerDependencies": {
                "prettier": "^3.0.0"
            }
        },
        "node_modules/prettier-plugin-tailwindcss": {
            "version": "0.6.13",
            "resolved": "https://registry.npmjs.org/prettier-plugin-tailwindcss/-/prettier-plugin-tailwindcss-0.6.13.tgz",
            "integrity": "sha512-uQ0asli1+ic8xrrSmIOaElDu0FacR4x69GynTh2oZjFY10JUt6EEumTQl5tB4fMeD6I1naKd+4rXQQ7esT2i1g==",
            "dev": true,
            "license": "MIT",
            "engines": {
                "node": ">=14.21.3"
            },
            "peerDependencies": {
                "@ianvs/prettier-plugin-sort-imports": "*",
                "@prettier/plugin-pug": "*",
                "@shopify/prettier-plugin-liquid": "*",
                "@trivago/prettier-plugin-sort-imports": "*",
                "@zackad/prettier-plugin-twig": "*",
                "prettier": "^3.0",
                "prettier-plugin-astro": "*",
                "prettier-plugin-css-order": "*",
                "prettier-plugin-import-sort": "*",
                "prettier-plugin-jsdoc": "*",
                "prettier-plugin-marko": "*",
                "prettier-plugin-multiline-arrays": "*",
                "prettier-plugin-organize-attributes": "*",
                "prettier-plugin-organize-imports": "*",
                "prettier-plugin-sort-imports": "*",
                "prettier-plugin-style-order": "*",
                "prettier-plugin-svelte": "*"
            },
            "peerDependenciesMeta": {
                "@ianvs/prettier-plugin-sort-imports": {
                    "optional": true
                },
                "@prettier/plugin-pug": {
                    "optional": true
                },
                "@shopify/prettier-plugin-liquid": {
                    "optional": true
                },
                "@trivago/prettier-plugin-sort-imports": {
                    "optional": true
                },
                "@zackad/prettier-plugin-twig": {
                    "optional": true
                },
                "prettier-plugin-astro": {
                    "optional": true
                },
                "prettier-plugin-css-order": {
                    "optional": true
                },
                "prettier-plugin-import-sort": {
                    "optional": true
                },
                "prettier-plugin-jsdoc": {
                    "optional": true
                },
                "prettier-plugin-marko": {
                    "optional": true
                },
                "prettier-plugin-multiline-arrays": {
                    "optional": true
                },
                "prettier-plugin-organize-attributes": {
                    "optional": true
                },
                "prettier-plugin-organize-imports": {
                    "optional": true
                },
                "prettier-plugin-sort-imports": {
                    "optional": true
                },
                "prettier-plugin-style-order": {
                    "optional": true
                },
                "prettier-plugin-svelte": {
                    "optional": true
                }
            }
        },
        "node_modules/tailwindcss": {
            "version": "4.1.11",
            "resolved": "https://registry.npmjs.org/tailwindcss/-/tailwindcss-4.1.11.tgz",
            "integrity": "sha512-2E9TBm6MDD/xKYe+dvJZAmg3yxIEDNRc0jwlNyDg/4Fil2QcSLjFKGVff0lAf1jjeaArlG/M75Ey/EYr/OJtBA==",
            "license": "MIT"
        },
        "node_modules/tailwindcss-animate": {
            "version": "1.0.7",
            "resolved": "https://registry.npmjs.org/tailwindcss-animate/-/tailwindcss-animate-1.0.7.tgz",
            "integrity": "sha512-bl6mpH3T7I3UFxuvDEXLxy/VuFxBk5bbzplh7tXI68mwMokNYd1t9qPBHlnyTwfa4JGC4zP516I1hYYtQ/vspA==",
            "license": "MIT",
            "peerDependencies": {
                "tailwindcss": ">=3.0.0 || insiders"
            }
        }
    }
}
